
Microsoft Visual Studio Solution File, Format Version 12.00
# Visual Studio Version 17
VisualStudioVersion = 17.14.36408.4
MinimumVisualStudioVersion = 10.0.40219.1
Project("{8BC9CEB8-8B4A-11D0-8D11-00A0C91BC942}") = "Engine", "Engine\Engine.vcxproj", "{EAE3A421-0D4B-47E7-9A9B-C400C034AC24}"
	ProjectSection(ProjectDependencies) = postProject
		{4863B14A-0346-4CC0-A717-6F304624D4BE} = {4863B14A-0346-4CC0-A717-6F304624D4BE}
		{7D24D852-1806-4558-848B-F5876B2B2922} = {7D24D852-1806-4558-848B-F5876B2B2922}
	EndProjectSection
EndProject
Project("{8BC9CEB8-8B4A-11D0-8D11-00A0C91BC942}") = "Editor", "Editor\Editor.vcxproj", "{70AF41D0-0802-4A48-B3E4-A8C47A7D7828}"
	ProjectSection(ProjectDependencies) = postProject
		{EAE3A421-0D4B-47E7-9A9B-C400C034AC24} = {EAE3A421-0D4B-47E7-9A9B-C400C034AC24}
	EndProjectSection
EndProject
Project("{2150E333-8FDC-42A3-9474-1A3956D46DE8}") = "Dependencies", "Dependencies", "{02EA681E-C7D8-13C7-8484-4AC65E1B71E8}"
EndProject
Project("{8BC9CEB8-8B4A-11D0-8D11-00A0C91BC942}") = "ImGui", "Dependencies\ImGui\ImGui.vcxproj", "{7D24D852-1806-4558-848B-F5876B2B2922}"
EndProject
Project("{8BC9CEB8-8B4A-11D0-8D11-00A0C91BC942}") = "GLFW", "Dependencies\GLFW\GLFW.vcxproj", "{4863B14A-0346-4CC0-A717-6F304624D4BE}"
EndProject
Global
	GlobalSection(SolutionConfigurationPlatforms) = preSolution
		Debug_ASAN|x64 = Debug_ASAN|x64
		Debug|x64 = Debug|x64
		Release|x64 = Release|x64
	EndGlobalSection
	GlobalSection(ProjectConfigurationPlatforms) = postSolution
		{EAE3A421-0D4B-47E7-9A9B-C400C034AC24}.Debug_ASAN|x64.ActiveCfg = Debug_ASAN|x64
		{EAE3A421-0D4B-47E7-9A9B-C400C034AC24}.Debug_ASAN|x64.Build.0 = Debug_ASAN|x64
		{EAE3A421-0D4B-47E7-9A9B-C400C034AC24}.Debug|x64.ActiveCfg = Debug|x64
		{EAE3A421-0D4B-47E7-9A9B-C400C034AC24}.Debug|x64.Build.0 = Debug|x64
		{EAE3A421-0D4B-47E7-9A9B-C400C034AC24}.Release|x64.ActiveCfg = Release|x64
		{EAE3A421-0D4B-47E7-9A9B-C400C034AC24}.Release|x64.Build.0 = Release|x64
		{70AF41D0-0802-4A48-B3E4-A8C47A7D7828}.Debug_ASAN|x64.ActiveCfg = Debug|x64
		{70AF41D0-0802-4A48-B3E4-A8C47A7D7828}.Debug_ASAN|x64.Build.0 = Debug|x64
		{70AF41D0-0802-4A48-B3E4-A8C47A7D7828}.Debug|x64.ActiveCfg = Debug|x64
		{70AF41D0-0802-4A48-B3E4-A8C47A7D7828}.Debug|x64.Build.0 = Debug|x64
		{70AF41D0-0802-4A48-B3E4-A8C47A7D7828}.Release|x64.ActiveCfg = Release|x64
		{70AF41D0-0802-4A48-B3E4-A8C47A7D7828}.Release|x64.Build.0 = Release|x64
		{7D24D852-1806-4558-848B-F5876B2B2922}.Debug_ASAN|x64.ActiveCfg = Debug|x64
		{7D24D852-1806-4558-848B-F5876B2B2922}.Debug_ASAN|x64.Build.0 = Debug|x64
		{7D24D852-1806-4558-848B-F5876B2B2922}.Debug|x64.ActiveCfg = Debug|x64
		{7D24D852-1806-4558-848B-F5876B2B2922}.Debug|x64.Build.0 = Debug|x64
		{7D24D852-1806-4558-848B-F5876B2B2922}.Release|x64.ActiveCfg = Release|x64
		{7D24D852-1806-4558-848B-F5876B2B2922}.Release|x64.Build.0 = Release|x64
		{4863B14A-0346-4CC0-A717-6F304624D4BE}.Debug_ASAN|x64.ActiveCfg = Debug|x64
		{4863B14A-0346-4CC0-A717-6F304624D4BE}.Debug_ASAN|x64.Build.0 = Debug|x64
		{4863B14A-0346-4CC0-A717-6F304624D4BE}.Debug|x64.ActiveCfg = Debug|x64
		{4863B14A-0346-4CC0-A717-6F304624D4BE}.Debug|x64.Build.0 = Debug|x64
		{4863B14A-0346-4CC0-A717-6F304624D4BE}.Release|x64.ActiveCfg = Release|x64
		{4863B14A-0346-4CC0-A717-6F304624D4BE}.Release|x64.Build.0 = Release|x64
	EndGlobalSection
	GlobalSection(SolutionProperties) = preSolution
		HideSolutionNode = FALSE
	EndGlobalSection
	GlobalSection(NestedProjects) = preSolution
		{7D24D852-1806-4558-848B-F5876B2B2922} = {02EA681E-C7D8-13C7-8484-4AC65E1B71E8}
		{4863B14A-0346-4CC0-A717-6F304624D4BE} = {02EA681E-C7D8-13C7-8484-4AC65E1B71E8}
	EndGlobalSection
	GlobalSection(ExtensibilityGlobals) = postSolution
		SolutionGuid = {0B615941-C3A2-4C97-A913-24F766D5E4F0}
	EndGlobalSection
EndGlobal
