<?xml version="1.0" encoding="utf-8"?>
<Project ToolsVersion="4.0" xmlns="http://schemas.microsoft.com/developer/msbuild/2003">
  <ItemGroup>
    <Filter Include="Source Files">
      <UniqueIdentifier>{4FC737F1-C7A5-4376-A066-2A32D752A2FF}</UniqueIdentifier>
      <Extensions>cpp;c;cc;cxx;c++;cppm;ixx;def;odl;idl;hpj;bat;asm;asmx</Extensions>
    </Filter>
    <Filter Include="Header Files">
      <UniqueIdentifier>{93995380-89BD-4b04-88EB-625FBE52EBFB}</UniqueIdentifier>
      <Extensions>h;hh;hpp;hxx;h++;hm;inl;inc;ipp;xsd</Extensions>
    </Filter>
    <Filter Include="Resource Files">
      <UniqueIdentifier>{67DA6AB6-F800-4c08-8B7A-83BB121AAD01}</UniqueIdentifier>
      <Extensions>rc;ico;cur;bmp;dlg;rc2;rct;bin;rgs;gif;jpg;jpeg;jpe;resx;tiff;tif;png;wav;mfcribbon-ms</Extensions>
    </Filter>
    <Filter Include="Header Files\ECS">
      <UniqueIdentifier>{8f41562d-1653-428d-893f-1e336e6dc1dd}</UniqueIdentifier>
    </Filter>
    <Filter Include="Source Files\ECS">
      <UniqueIdentifier>{0caea278-19da-4031-9b9b-30d466ad5d5f}</UniqueIdentifier>
    </Filter>
    <Filter Include="Header Files\Graphics">
      <UniqueIdentifier>{dc4bf630-fba3-43ef-926f-769378a78f3c}</UniqueIdentifier>
    </Filter>
    <Filter Include="Source Files\Grapics">
      <UniqueIdentifier>{465e1139-6e2d-4854-9206-9bcf3fedf26f}</UniqueIdentifier>
    </Filter>
    <Filter Include="Source Files\Input">
      <UniqueIdentifier>{047e8ed4-744c-460e-b44b-291d68f3aead}</UniqueIdentifier>
    </Filter>
    <Filter Include="Header Files\Input">
      <UniqueIdentifier>{d4168227-6ccc-4e6c-90bc-4ec6943662bc}</UniqueIdentifier>
    </Filter>
    <Filter Include="Header Files\Profiler">
      <UniqueIdentifier>{4cb0c13f-c02b-4fe0-a6aa-2cc1ef18ae2f}</UniqueIdentifier>
    </Filter>
    <Filter Include="Header Files\Math">
      <UniqueIdentifier>{37e2ddb9-3926-4389-af66-245b988e0097}</UniqueIdentifier>
    </Filter>
    <Filter Include="Header Files\Core">
      <UniqueIdentifier>{1b9c8577-17e4-4111-90be-a72743eca1a1}</UniqueIdentifier>
    </Filter>
  </ItemGroup>
  <ItemGroup>
    <ClCompile Include="Source\Engine.cpp">
      <Filter>Source Files</Filter>
    </ClCompile>
    <ClCompile Include="Source\Camera.cpp">
      <Filter>Source Files</Filter>
    </ClCompile>
    <ClCompile Include="Source\FileLoader.cpp">
      <Filter>Source Files</Filter>
    </ClCompile>
    <ClCompile Include="Source\EngineProperties.cpp">
      <Filter>Source Files</Filter>
    </ClCompile>
    <ClCompile Include="Source\UniqueIdentifier.cpp">
      <Filter>Source Files</Filter>
    </ClCompile>
    <ClCompile Include="Source\ECS\Entity.cpp">
      <Filter>Source Files\ECS</Filter>
    </ClCompile>
    <ClCompile Include="Source\ECS\Scene.cpp">
      <Filter>Source Files\ECS</Filter>
    </ClCompile>
    <ClCompile Include="Source\ECS\Components.cpp">
      <Filter>Source Files\ECS</Filter>
    </ClCompile>
    <ClCompile Include="Source\Graphics\ImGuiOverlay.cpp">
      <Filter>Source Files\Grapics</Filter>
    </ClCompile>
    <ClCompile Include="Source\Graphics\VulkanDebug.cpp">
      <Filter>Source Files\Grapics</Filter>
    </ClCompile>
    <ClCompile Include="Source\Graphics\VulkanDevice.cpp">
      <Filter>Source Files\Grapics</Filter>
    </ClCompile>
    <ClCompile Include="Source\Graphics\VulkanGlTFModel.cpp">
      <Filter>Source Files\Grapics</Filter>
    </ClCompile>
    <ClCompile Include="Source\Graphics\VulkanGlTFTypes.cpp">
      <Filter>Source Files\Grapics</Filter>
    </ClCompile>
    <ClCompile Include="Source\Graphics\VulkanRenderer.cpp">
      <Filter>Source Files\Grapics</Filter>
    </ClCompile>
    <ClCompile Include="Source\Graphics\VulkanSwapChain.cpp">
      <Filter>Source Files\Grapics</Filter>
    </ClCompile>
    <ClCompile Include="Source\Graphics\VulkanTools.cpp">
      <Filter>Source Files\Grapics</Filter>
    </ClCompile>
    <ClCompile Include="Source\Graphics\VulkanTypes.cpp">
      <Filter>Source Files\Grapics</Filter>
    </ClCompile>
    <ClCompile Include="Source\Graphics\Window.cpp">
      <Filter>Source Files\Grapics</Filter>
    </ClCompile>
    <ClCompile Include="Source\Input\InputManager.cpp">
      <Filter>Source Files\Input</Filter>
    </ClCompile>
    <ClCompile Include="Source\Timer.cpp">
      <Filter>Source Files</Filter>
    </ClCompile>
    <ClCompile Include="Source\Time.cpp">
      <Filter>Source Files</Filter>
    </ClCompile>
    <ClCompile Include="Source\Graphics\ModelLoader.cpp">
      <Filter>Source Files\Grapics</Filter>
    </ClCompile>
    <ClCompile Include="Source\Graphics\TextureManager.cpp">
      <Filter>Source Files\Grapics</Filter>
    </ClCompile>
  </ItemGroup>
  <ItemGroup>
    <ClInclude Include="Source\Camera.hpp">
      <Filter>Header Files</Filter>
    </ClInclude>
    <ClInclude Include="Source\Engine.hpp">
      <Filter>Header Files</Filter>
    </ClInclude>
    <ClInclude Include="Source\FileLoader.hpp">
      <Filter>Header Files</Filter>
    </ClInclude>
    <ClInclude Include="Source\EngineProperties.hpp">
      <Filter>Header Files</Filter>
    </ClInclude>
    <ClInclude Include="Source\UniqueIdentifier.hpp">
      <Filter>Header Files</Filter>
    </ClInclude>
    <ClInclude Include="Source\ECS\Components.hpp">
      <Filter>Header Files\ECS</Filter>
    </ClInclude>
    <ClInclude Include="Source\ECS\Scene.hpp">
      <Filter>Header Files\ECS</Filter>
    </ClInclude>
    <ClInclude Include="Source\ECS\Entity.hpp">
      <Filter>Header Files\ECS</Filter>
    </ClInclude>
    <ClInclude Include="Source\ECS\EntityContainer.hpp">
      <Filter>Header Files\ECS</Filter>
    </ClInclude>
    <ClInclude Include="Source\Graphics\ImGuiOverlay.hpp">
      <Filter>Header Files\Graphics</Filter>
    </ClInclude>
    <ClInclude Include="Source\Graphics\VulkanDebug.hpp">
      <Filter>Header Files\Graphics</Filter>
    </ClInclude>
    <ClInclude Include="Source\Graphics\VulkanDevice.hpp">
      <Filter>Header Files\Graphics</Filter>
    </ClInclude>
    <ClInclude Include="Source\Graphics\VulkanGlTFModel.hpp">
      <Filter>Header Files\Graphics</Filter>
    </ClInclude>
    <ClInclude Include="Source\Graphics\VulkanGlTFTypes.hpp">
      <Filter>Header Files\Graphics</Filter>
    </ClInclude>
    <ClInclude Include="Source\Graphics\VulkanRenderer.hpp">
      <Filter>Header Files\Graphics</Filter>
    </ClInclude>
    <ClInclude Include="Source\Graphics\VulkanSwapChain.hpp">
      <Filter>Header Files\Graphics</Filter>
    </ClInclude>
    <ClInclude Include="Source\Graphics\VulkanTools.hpp">
      <Filter>Header Files\Graphics</Filter>
    </ClInclude>
    <ClInclude Include="Source\Graphics\VulkanTypes.hpp">
      <Filter>Header Files\Graphics</Filter>
    </ClInclude>
    <ClInclude Include="Source\Graphics\Window.hpp">
      <Filter>Header Files\Graphics</Filter>
    </ClInclude>
    <ClInclude Include="Source\Graphics\VulkanInitializers.hpp">
      <Filter>Header Files\Graphics</Filter>
    </ClInclude>
    <ClInclude Include="Source\Input\InputKeys.hpp">
      <Filter>Header Files\Input</Filter>
    </ClInclude>
    <ClInclude Include="Source\Input\InputManager.hpp">
      <Filter>Header Files\Input</Filter>
    </ClInclude>
    <ClInclude Include="Source\Time.hpp">
      <Filter>Header Files</Filter>
    </ClInclude>
    <ClInclude Include="Source\Profiler\SimpleSampler.hpp">
      <Filter>Header Files\Profiler</Filter>
    </ClInclude>
    <ClInclude Include="Source\Profiler\SimpleProfiler.hpp">
      <Filter>Header Files\Profiler</Filter>
    </ClInclude>
    <ClInclude Include="Source\Profiler\SimpleProfilerImGui.hpp">
      <Filter>Header Files\Profiler</Filter>
    </ClInclude>
    <ClInclude Include="Source\Math\Types.hpp">
      <Filter>Header Files\Math</Filter>
    </ClInclude>
    <ClInclude Include="Source\Math\Functions.hpp">
      <Filter>Header Files\Math</Filter>
    </ClInclude>
    <ClInclude Include="Source\Core\Types.hpp">
      <Filter>Header Files\Core</Filter>
    </ClInclude>
    <ClInclude Include="Source\Core\Constants.hpp">
      <Filter>Header Files\Core</Filter>
    </ClInclude>
    <ClInclude Include="Source\Graphics\ModelLoader.hpp">
      <Filter>Header Files\Graphics</Filter>
    </ClInclude>
    <ClInclude Include="Source\Graphics\TextureManager.hpp">
      <Filter>Header Files\Graphics</Filter>
    </ClInclude>
  </ItemGroup>
  <ItemGroup>
    <None Include="Source\Timer.hpp">
      <Filter>Header Files</Filter>
    </None>
  </ItemGroup>
</Project>